Microsoft Visual Studio Solution File, Format Version 12.00
# Visual Studio 2012
Project("{FAE04EC0-301F-11D3-BF4B-00C04F79EFBC}") = "Grenadier", "Grenadier.csproj", "{204FA91E-73C7-4A35-9AD9-47232491F523}"
EndProject
Global
	GlobalSection(SolutionConfigurationPlatforms) = preSolution
	Debug|Any CPU = Debug|Any CPU
	ExportDebug|Any CPU = ExportDebug|Any CPU
	ExportRelease|Any CPU = ExportRelease|Any CPU
	EndGlobalSection
	GlobalSection(ProjectConfigurationPlatforms) = postSolution
		{204FA91E-73C7-4A35-9AD9-47232491F523}.Debug|Any CPU.ActiveCfg = Debug|Any CPU
		{204FA91E-73C7-4A35-9AD9-47232491F523}.Debug|Any CPU.Build.0 = Debug|Any CPU
		{204FA91E-73C7-4A35-9AD9-47232491F523}.ExportDebug|Any CPU.ActiveCfg = ExportDebug|Any CPU
		{204FA91E-73C7-4A35-9AD9-47232491F523}.ExportDebug|Any CPU.Build.0 = ExportDebug|Any CPU
		{204FA91E-73C7-4A35-9AD9-47232491F523}.ExportRelease|Any CPU.ActiveCfg = ExportRelease|Any CPU
		{204FA91E-73C7-4A35-9AD9-47232491F523}.ExportRelease|Any CPU.Build.0 = ExportRelease|Any CPU
	EndGlobalSection
EndGlobal
